
Microsoft Visual Studio Solution File, Format Version 12.00
# Visual Studio 14
VisualStudioVersion = 14.0.24720.0
MinimumVisualStudioVersion = 10.0.40219.1
Project("{FAE04EC0-301F-11D3-BF4B-00C04F79EFBC}") = "NextGamesChat", "NextGamesChat\NextGamesChat.csproj", "{9A8DA516-9249-4FCC-8D63-360F58123456}"
EndProject
Project("{2150E333-8FDC-42A3-9474-1A3956D46DE8}") = "PublishScripts", "PublishScripts", "{07E9DF0C-5094-4551-9234-9196670879D6}"
EndProject
Project("{2150E333-8FDC-42A3-9474-1A3956D46DE8}") = "Scripts", "Scripts", "{2B133245-24BA-4AD0-AC90-DB54771E37DF}"
	ProjectSection(SolutionItems) = preProject
		PublishScripts\Scripts\Deploy-AzureResourceGroup.ps1 = PublishScripts\Scripts\Deploy-AzureResourceGroup.ps1
	EndProjectSection
EndProject
Project("{2150E333-8FDC-42A3-9474-1A3956D46DE8}") = "Templates", "Templates", "{621C7BBF-E1D1-4996-913E-03D89B96B1F5}"
	ProjectSection(SolutionItems) = preProject
		PublishScripts\Templates\NextGamesChat.json = PublishScripts\Templates\NextGamesChat.json
		PublishScripts\Templates\NextGamesChat.param.dev.json = PublishScripts\Templates\NextGamesChat.param.dev.json
	EndProjectSection
EndProject
Project("{CC5FD16D-436D-48AD-A40C-5A424C6E3E79}") = "NextGamesChatCloud", "NextGamesChatCloud\NextGamesChatCloud.ccproj", "{833603E4-8925-4BEE-877C-31480DA2B3AB}"
EndProject
Global
	GlobalSection(SolutionConfigurationPlatforms) = preSolution
		Debug|Any CPU = Debug|Any CPU
		Release|Any CPU = Release|Any CPU
	EndGlobalSection
	GlobalSection(ProjectConfigurationPlatforms) = postSolution
		{9A8DA516-9249-4FCC-8D63-360F58123456}.Debug|Any CPU.ActiveCfg = Debug|Any CPU
		{9A8DA516-9249-4FCC-8D63-360F58123456}.Debug|Any CPU.Build.0 = Debug|Any CPU
		{9A8DA516-9249-4FCC-8D63-360F58123456}.Release|Any CPU.ActiveCfg = Release|Any CPU
		{9A8DA516-9249-4FCC-8D63-360F58123456}.Release|Any CPU.Build.0 = Release|Any CPU
		{833603E4-8925-4BEE-877C-31480DA2B3AB}.Debug|Any CPU.ActiveCfg = Debug|Any CPU
		{833603E4-8925-4BEE-877C-31480DA2B3AB}.Debug|Any CPU.Build.0 = Debug|Any CPU
		{833603E4-8925-4BEE-877C-31480DA2B3AB}.Release|Any CPU.ActiveCfg = Release|Any CPU
		{833603E4-8925-4BEE-877C-31480DA2B3AB}.Release|Any CPU.Build.0 = Release|Any CPU
	EndGlobalSection
	GlobalSection(SolutionProperties) = preSolution
		HideSolutionNode = FALSE
	EndGlobalSection
	GlobalSection(NestedProjects) = preSolution
		{2B133245-24BA-4AD0-AC90-DB54771E37DF} = {07E9DF0C-5094-4551-9234-9196670879D6}
		{621C7BBF-E1D1-4996-913E-03D89B96B1F5} = {07E9DF0C-5094-4551-9234-9196670879D6}
	EndGlobalSection
EndGlobal
